
Microsoft Visual Studio Solution File, Format Version 12.00
# Visual Studio Version 17
VisualStudioVersion = 17.14.36811.4
MinimumVisualStudioVersion = 10.0.40219.1
Project("{FAE04EC0-301F-11D3-BF4B-00C04F79EFBC}") = "Cabinet", "Cabinet\Cabinet.csproj", "{6E312889-6E58-4FEF-BC05-367CA89F118C}"
EndProject
Global
	GlobalSection(SolutionConfigurationPlatforms) = preSolution
		Debug|Any CPU = Debug|Any CPU
		Release|Any CPU = Release|Any CPU
	EndGlobalSection
	GlobalSection(ProjectConfigurationPlatforms) = postSolution
		{6E312889-6E58-4FEF-BC05-367CA89F118C}.Debug|Any CPU.ActiveCfg = Debug|Any CPU
		{6E312889-6E58-4FEF-BC05-367CA89F118C}.Debug|Any CPU.Build.0 = Debug|Any CPU
		{6E312889-6E58-4FEF-BC05-367CA89F118C}.Release|Any CPU.ActiveCfg = Release|Any CPU
		{6E312889-6E58-4FEF-BC05-367CA89F118C}.Release|Any CPU.Build.0 = Release|Any CPU
	EndGlobalSection
	GlobalSection(SolutionProperties) = preSolution
		HideSolutionNode = FALSE
	EndGlobalSection
	GlobalSection(ExtensibilityGlobals) = postSolution
		SolutionGuid = {577BB5C3-695D-44A9-BD59-2BFEB30A3987}
	EndGlobalSection
EndGlobal
